
Microsoft Visual Studio Solution File, Format Version 12.00
# Visual Studio Version 16
VisualStudioVersion = 16.0.30717.126
MinimumVisualStudioVersion = 10.0.40219.1
Project("{9A19103F-16F7-4668-BE54-9A1E7A4F7556}") = "Pumpkinmovies", "Pumpkinmovies.csproj", "{D4D05409-0AB6-4566-9B8B-6BC8273B547B}"
EndProject
Project("{2150E333-8FDC-42A3-9474-1A3956D46DE8}") = "Solution Items", "Solution Items", "{78AA8F1C-6E0C-4C0B-A409-EF1439FE46F7}"
	ProjectSection(SolutionItems) = preProject
		.editorconfig = .editorconfig
	EndProjectSection
EndProject
Global
	GlobalSection(SolutionConfigurationPlatforms) = preSolution
		Debug|Any CPU = Debug|Any CPU
		Release|Any CPU = Release|Any CPU
	EndGlobalSection
	GlobalSection(ProjectConfigurationPlatforms) = postSolution
		{D4D05409-0AB6-4566-9B8B-6BC8273B547B}.Debug|Any CPU.ActiveCfg = Debug|Any CPU
		{D4D05409-0AB6-4566-9B8B-6BC8273B547B}.Debug|Any CPU.Build.0 = Debug|Any CPU
		{D4D05409-0AB6-4566-9B8B-6BC8273B547B}.Release|Any CPU.ActiveCfg = Release|Any CPU
		{D4D05409-0AB6-4566-9B8B-6BC8273B547B}.Release|Any CPU.Build.0 = Release|Any CPU
	EndGlobalSection
	GlobalSection(SolutionProperties) = preSolution
		HideSolutionNode = FALSE
	EndGlobalSection
	GlobalSection(ExtensibilityGlobals) = postSolution
		SolutionGuid = {C99B7489-F20E-49C2-A4B6-6F635ADC236C}
	EndGlobalSection
EndGlobal
